
Microsoft Visual Studio Solution File, Format Version 12.00
# Visual Studio Version 16
VisualStudioVersion = 16.0.29025.244
MinimumVisualStudioVersion = 10.0.40219.1
Project("{FAE04EC0-301F-11D3-BF4B-00C04F79EFBC}") = "ServerSide", "ServerSide\ServerSide.csproj", "{710EE8B4-6EA5-402D-A1CE-D848F985B7D8}"
EndProject
Global
	GlobalSection(SolutionConfigurationPlatforms) = preSolution
		Debug|Any CPU = Debug|Any CPU
		Release|Any CPU = Release|Any CPU
	EndGlobalSection
	GlobalSection(ProjectConfigurationPlatforms) = postSolution
		{710EE8B4-6EA5-402D-A1CE-D848F985B7D8}.Debug|Any CPU.ActiveCfg = Debug|Any CPU
		{710EE8B4-6EA5-402D-A1CE-D848F985B7D8}.Debug|Any CPU.Build.0 = Debug|Any CPU
		{710EE8B4-6EA5-402D-A1CE-D848F985B7D8}.Release|Any CPU.ActiveCfg = Release|Any CPU
		{710EE8B4-6EA5-402D-A1CE-D848F985B7D8}.Release|Any CPU.Build.0 = Release|Any CPU
	EndGlobalSection
	GlobalSection(SolutionProperties) = preSolution
		HideSolutionNode = FALSE
	EndGlobalSection
	GlobalSection(ExtensibilityGlobals) = postSolution
		SolutionGuid = {C1B32EF3-9D87-4728-B48C-656CFED5BB6C}
	EndGlobalSection
EndGlobal
