
Microsoft Visual Studio Solution File, Format Version 12.00
# Visual Studio Version 16
VisualStudioVersion = 16.0.29025.244
MinimumVisualStudioVersion = 10.0.40219.1
Project("{FAE04EC0-301F-11D3-BF4B-00C04F79EFBC}") = "ClientSide", "ClientSide\ClientSide.csproj", "{7EA05973-6D78-4A28-AC49-472E4A522263}"
EndProject
Global
	GlobalSection(SolutionConfigurationPlatforms) = preSolution
		Debug|Any CPU = Debug|Any CPU
		Release|Any CPU = Release|Any CPU
	EndGlobalSection
	GlobalSection(ProjectConfigurationPlatforms) = postSolution
		{7EA05973-6D78-4A28-AC49-472E4A522263}.Debug|Any CPU.ActiveCfg = Debug|Any CPU
		{7EA05973-6D78-4A28-AC49-472E4A522263}.Debug|Any CPU.Build.0 = Debug|Any CPU
		{7EA05973-6D78-4A28-AC49-472E4A522263}.Release|Any CPU.ActiveCfg = Release|Any CPU
		{7EA05973-6D78-4A28-AC49-472E4A522263}.Release|Any CPU.Build.0 = Release|Any CPU
	EndGlobalSection
	GlobalSection(SolutionProperties) = preSolution
		HideSolutionNode = FALSE
	EndGlobalSection
	GlobalSection(ExtensibilityGlobals) = postSolution
		SolutionGuid = {C0607697-8D79-485D-A172-171E595070E9}
	EndGlobalSection
EndGlobal
